
Microsoft Visual Studio Solution File, Format Version 12.00
# Visual Studio Version 17
VisualStudioVersion = 17.0.32014.148
MinimumVisualStudioVersion = 10.0.40219.1
Project("{FAE04EC0-301F-11D3-BF4B-00C04F79EFBC}") = "OperationResult", "OperationResult\OperationResult.csproj", "{FE000248-B074-4F7C-949F-009AB86F8297}"
EndProject
Project("{FAE04EC0-301F-11D3-BF4B-00C04F79EFBC}") = "WebApi", "WebApi\WebApi.csproj", "{FE69330E-7C2C-4D6B-AFD7-CEEC387A792C}"
EndProject
Global
	GlobalSection(SolutionConfigurationPlatforms) = preSolution
		Debug|Any CPU = Debug|Any CPU
		Release|Any CPU = Release|Any CPU
	EndGlobalSection
	GlobalSection(ProjectConfigurationPlatforms) = postSolution
		{FE000248-B074-4F7C-949F-009AB86F8297}.Debug|Any CPU.ActiveCfg = Debug|Any CPU
		{FE000248-B074-4F7C-949F-009AB86F8297}.Debug|Any CPU.Build.0 = Debug|Any CPU
		{FE000248-B074-4F7C-949F-009AB86F8297}.Release|Any CPU.ActiveCfg = Release|Any CPU
		{FE000248-B074-4F7C-949F-009AB86F8297}.Release|Any CPU.Build.0 = Release|Any CPU
		{FE69330E-7C2C-4D6B-AFD7-CEEC387A792C}.Debug|Any CPU.ActiveCfg = Debug|Any CPU
		{FE69330E-7C2C-4D6B-AFD7-CEEC387A792C}.Debug|Any CPU.Build.0 = Debug|Any CPU
		{FE69330E-7C2C-4D6B-AFD7-CEEC387A792C}.Release|Any CPU.ActiveCfg = Release|Any CPU
		{FE69330E-7C2C-4D6B-AFD7-CEEC387A792C}.Release|Any CPU.Build.0 = Release|Any CPU
	EndGlobalSection
	GlobalSection(SolutionProperties) = preSolution
		HideSolutionNode = FALSE
	EndGlobalSection
	GlobalSection(ExtensibilityGlobals) = postSolution
		SolutionGuid = {2430E8A1-EE4F-413F-ADDB-4EDD3C4DB6FD}
	EndGlobalSection
EndGlobal
